
Microsoft Visual Studio Solution File, Format Version 12.00
# Visual Studio Version 17
VisualStudioVersion = 17.5.002.0
MinimumVisualStudioVersion = 10.0.40219.1
Project("{2150E333-8FDC-42A3-9474-1A3956D46DE8}") = "CrtKnowledgeManagementApp", "CrtKnowledgeManagementApp", "{19F807B7-68D8-4B38-B6ED-C6D6E0193949}"
EndProject
Project("{9A19103F-16F7-4668-BE54-9A1E7A4F7556}") = "CrtKnowledgeManagementApp", "CrtKnowledgeManagementApp\Files\CrtKnowledgeManagementApp.csproj", "{913DD82B-64E6-4060-B936-2CD8A838F288}"
EndProject
Project("{2150E333-8FDC-42A3-9474-1A3956D46DE8}") = "DevPack", "DevPack", "{3086E0D1-9D65-4140-BCFC-9AD93892CFE7}"
EndProject
Project("{9A19103F-16F7-4668-BE54-9A1E7A4F7556}") = "DevPack", "DevPack\Files\DevPack.csproj", "{23212971-44DF-4E56-93DA-7250B05B0381}"
EndProject
Project("{2150E333-8FDC-42A3-9474-1A3956D46DE8}") = "JamesApp_7xmbneq", "JamesApp_7xmbneq", "{FA63148E-EC97-4D7C-A7E6-454915DDFBD3}"
EndProject
Project("{9A19103F-16F7-4668-BE54-9A1E7A4F7556}") = "JamesApp_7xmbneq", "JamesApp_7xmbneq\Files\JamesApp_7xmbneq.csproj", "{ADA1885E-7EA3-449F-92A7-02F040D5CDEF}"
EndProject
Project("{2150E333-8FDC-42A3-9474-1A3956D46DE8}") = "JamesApp_a1atix2", "JamesApp_a1atix2", "{003DC33C-217F-405B-B171-C05CE1C9D070}"
EndProject
Project("{9A19103F-16F7-4668-BE54-9A1E7A4F7556}") = "JamesApp_a1atix2", "JamesApp_a1atix2\Files\JamesApp_a1atix2.csproj", "{9F8DFEE8-EE07-4C63-889D-15CB69EEE60F}"
EndProject
Project("{2150E333-8FDC-42A3-9474-1A3956D46DE8}") = "JamesApp_cebbx9k", "JamesApp_cebbx9k", "{3894F300-378A-407E-A1E0-B3BF140100E2}"
EndProject
Project("{9A19103F-16F7-4668-BE54-9A1E7A4F7556}") = "JamesApp_cebbx9k", "JamesApp_cebbx9k\Files\JamesApp_cebbx9k.csproj", "{1330B8F3-9D72-44BD-BAEA-DC30821421B0}"
EndProject
Project("{2150E333-8FDC-42A3-9474-1A3956D46DE8}") = "JamesApp_e1xynh1", "JamesApp_e1xynh1", "{BA0D5717-0781-4F6E-A49B-D0AA243FFEFB}"
EndProject
Project("{9A19103F-16F7-4668-BE54-9A1E7A4F7556}") = "JamesApp_e1xynh1", "JamesApp_e1xynh1\Files\JamesApp_e1xynh1.csproj", "{62392A90-F4EF-4606-BE67-BDF33EF0D344}"
EndProject
Project("{2150E333-8FDC-42A3-9474-1A3956D46DE8}") = "JamesApp_l1drtjy", "JamesApp_l1drtjy", "{FFB324A5-5338-44B5-AD21-6A566F279B28}"
EndProject
Project("{9A19103F-16F7-4668-BE54-9A1E7A4F7556}") = "JamesApp_l1drtjy", "JamesApp_l1drtjy\Files\JamesApp_l1drtjy.csproj", "{BB3BFFB7-693E-464C-86FD-776F1DAEE8DA}"
EndProject
Project("{2150E333-8FDC-42A3-9474-1A3956D46DE8}") = "JamesCustomer", "JamesCustomer", "{F324E863-C825-46AE-8B06-88406377183C}"
EndProject
Project("{9A19103F-16F7-4668-BE54-9A1E7A4F7556}") = "JamesCustomer", "JamesCustomer\Files\JamesCustomer.csproj", "{F32C4454-55A5-4E6A-821A-73A5A5F1A386}"
EndProject
Project("{2150E333-8FDC-42A3-9474-1A3956D46DE8}") = "JamesRealtyFreedomUI", "JamesRealtyFreedomUI", "{135FF636-EFA2-421C-8B9A-C228DDC097BD}"
EndProject
Project("{9A19103F-16F7-4668-BE54-9A1E7A4F7556}") = "JamesRealtyFreedomUI", "JamesRealtyFreedomUI\Files\JamesRealtyFreedomUI.csproj", "{A1468152-7DF0-4597-9CC8-24CD98374DBA}"
EndProject
Project("{2150E333-8FDC-42A3-9474-1A3956D46DE8}") = "JamesRequestManagement", "JamesRequestManagement", "{3876749A-601E-4515-B234-50F203CF4A4C}"
EndProject
Project("{9A19103F-16F7-4668-BE54-9A1E7A4F7556}") = "JamesRequestManagement", "JamesRequestManagement\Files\JamesRequestManagement.csproj", "{E6A05DAE-CB62-4B92-9DA0-E0EC74FA7EF5}"
EndProject
Project("{2150E333-8FDC-42A3-9474-1A3956D46DE8}") = "UsrApp_wvhtswl", "UsrApp_wvhtswl", "{857B2D5E-F108-4176-A066-1A9954C4FACE}"
EndProject
Project("{9A19103F-16F7-4668-BE54-9A1E7A4F7556}") = "UsrApp_wvhtswl", "UsrApp_wvhtswl\Files\UsrApp_wvhtswl.csproj", "{329A2FE8-FACA-4D4E-A86C-5FDB64EE7559}"
EndProject
Global
	GlobalSection(SolutionConfigurationPlatforms) = preSolution
		Debug|Any CPU = Debug|Any CPU
		Release|Any CPU = Release|Any CPU
	EndGlobalSection
	GlobalSection(ProjectConfigurationPlatforms) = postSolution
		{913DD82B-64E6-4060-B936-2CD8A838F288}.Debug|Any CPU.ActiveCfg = Debug|Any CPU
		{913DD82B-64E6-4060-B936-2CD8A838F288}.Debug|Any CPU.Build.0 = Debug|Any CPU
		{913DD82B-64E6-4060-B936-2CD8A838F288}.Release|Any CPU.ActiveCfg = Release|Any CPU
		{913DD82B-64E6-4060-B936-2CD8A838F288}.Release|Any CPU.Build.0 = Release|Any CPU
		{23212971-44DF-4E56-93DA-7250B05B0381}.Debug|Any CPU.ActiveCfg = Debug|Any CPU
		{23212971-44DF-4E56-93DA-7250B05B0381}.Debug|Any CPU.Build.0 = Debug|Any CPU
		{23212971-44DF-4E56-93DA-7250B05B0381}.Release|Any CPU.ActiveCfg = Release|Any CPU
		{23212971-44DF-4E56-93DA-7250B05B0381}.Release|Any CPU.Build.0 = Release|Any CPU
		{ADA1885E-7EA3-449F-92A7-02F040D5CDEF}.Debug|Any CPU.ActiveCfg = Debug|Any CPU
		{ADA1885E-7EA3-449F-92A7-02F040D5CDEF}.Debug|Any CPU.Build.0 = Debug|Any CPU
		{ADA1885E-7EA3-449F-92A7-02F040D5CDEF}.Release|Any CPU.ActiveCfg = Release|Any CPU
		{ADA1885E-7EA3-449F-92A7-02F040D5CDEF}.Release|Any CPU.Build.0 = Release|Any CPU
		{9F8DFEE8-EE07-4C63-889D-15CB69EEE60F}.Debug|Any CPU.ActiveCfg = Debug|Any CPU
		{9F8DFEE8-EE07-4C63-889D-15CB69EEE60F}.Debug|Any CPU.Build.0 = Debug|Any CPU
		{9F8DFEE8-EE07-4C63-889D-15CB69EEE60F}.Release|Any CPU.ActiveCfg = Release|Any CPU
		{9F8DFEE8-EE07-4C63-889D-15CB69EEE60F}.Release|Any CPU.Build.0 = Release|Any CPU
		{1330B8F3-9D72-44BD-BAEA-DC30821421B0}.Debug|Any CPU.ActiveCfg = Debug|Any CPU
		{1330B8F3-9D72-44BD-BAEA-DC30821421B0}.Debug|Any CPU.Build.0 = Debug|Any CPU
		{1330B8F3-9D72-44BD-BAEA-DC30821421B0}.Release|Any CPU.ActiveCfg = Release|Any CPU
		{1330B8F3-9D72-44BD-BAEA-DC30821421B0}.Release|Any CPU.Build.0 = Release|Any CPU
		{62392A90-F4EF-4606-BE67-BDF33EF0D344}.Debug|Any CPU.ActiveCfg = Debug|Any CPU
		{62392A90-F4EF-4606-BE67-BDF33EF0D344}.Debug|Any CPU.Build.0 = Debug|Any CPU
		{62392A90-F4EF-4606-BE67-BDF33EF0D344}.Release|Any CPU.ActiveCfg = Release|Any CPU
		{62392A90-F4EF-4606-BE67-BDF33EF0D344}.Release|Any CPU.Build.0 = Release|Any CPU
		{BB3BFFB7-693E-464C-86FD-776F1DAEE8DA}.Debug|Any CPU.ActiveCfg = Debug|Any CPU
		{BB3BFFB7-693E-464C-86FD-776F1DAEE8DA}.Debug|Any CPU.Build.0 = Debug|Any CPU
		{BB3BFFB7-693E-464C-86FD-776F1DAEE8DA}.Release|Any CPU.ActiveCfg = Release|Any CPU
		{BB3BFFB7-693E-464C-86FD-776F1DAEE8DA}.Release|Any CPU.Build.0 = Release|Any CPU
		{F32C4454-55A5-4E6A-821A-73A5A5F1A386}.Debug|Any CPU.ActiveCfg = Debug|Any CPU
		{F32C4454-55A5-4E6A-821A-73A5A5F1A386}.Debug|Any CPU.Build.0 = Debug|Any CPU
		{F32C4454-55A5-4E6A-821A-73A5A5F1A386}.Release|Any CPU.ActiveCfg = Release|Any CPU
		{F32C4454-55A5-4E6A-821A-73A5A5F1A386}.Release|Any CPU.Build.0 = Release|Any CPU
		{A1468152-7DF0-4597-9CC8-24CD98374DBA}.Debug|Any CPU.ActiveCfg = Debug|Any CPU
		{A1468152-7DF0-4597-9CC8-24CD98374DBA}.Debug|Any CPU.Build.0 = Debug|Any CPU
		{A1468152-7DF0-4597-9CC8-24CD98374DBA}.Release|Any CPU.ActiveCfg = Release|Any CPU
		{A1468152-7DF0-4597-9CC8-24CD98374DBA}.Release|Any CPU.Build.0 = Release|Any CPU
		{E6A05DAE-CB62-4B92-9DA0-E0EC74FA7EF5}.Debug|Any CPU.ActiveCfg = Debug|Any CPU
		{E6A05DAE-CB62-4B92-9DA0-E0EC74FA7EF5}.Debug|Any CPU.Build.0 = Debug|Any CPU
		{E6A05DAE-CB62-4B92-9DA0-E0EC74FA7EF5}.Release|Any CPU.ActiveCfg = Release|Any CPU
		{E6A05DAE-CB62-4B92-9DA0-E0EC74FA7EF5}.Release|Any CPU.Build.0 = Release|Any CPU
		{329A2FE8-FACA-4D4E-A86C-5FDB64EE7559}.Debug|Any CPU.ActiveCfg = Debug|Any CPU
		{329A2FE8-FACA-4D4E-A86C-5FDB64EE7559}.Debug|Any CPU.Build.0 = Debug|Any CPU
		{329A2FE8-FACA-4D4E-A86C-5FDB64EE7559}.Release|Any CPU.ActiveCfg = Release|Any CPU
		{329A2FE8-FACA-4D4E-A86C-5FDB64EE7559}.Release|Any CPU.Build.0 = Release|Any CPU
	EndGlobalSection
	GlobalSection(SolutionProperties) = preSolution
		HideSolutionNode = FALSE
	EndGlobalSection
	GlobalSection(NestedProjects) = preSolution
		{913DD82B-64E6-4060-B936-2CD8A838F288} = {19F807B7-68D8-4B38-B6ED-C6D6E0193949}
		{23212971-44DF-4E56-93DA-7250B05B0381} = {3086E0D1-9D65-4140-BCFC-9AD93892CFE7}
		{ADA1885E-7EA3-449F-92A7-02F040D5CDEF} = {FA63148E-EC97-4D7C-A7E6-454915DDFBD3}
		{9F8DFEE8-EE07-4C63-889D-15CB69EEE60F} = {003DC33C-217F-405B-B171-C05CE1C9D070}
		{1330B8F3-9D72-44BD-BAEA-DC30821421B0} = {3894F300-378A-407E-A1E0-B3BF140100E2}
		{62392A90-F4EF-4606-BE67-BDF33EF0D344} = {BA0D5717-0781-4F6E-A49B-D0AA243FFEFB}
		{BB3BFFB7-693E-464C-86FD-776F1DAEE8DA} = {FFB324A5-5338-44B5-AD21-6A566F279B28}
		{F32C4454-55A5-4E6A-821A-73A5A5F1A386} = {F324E863-C825-46AE-8B06-88406377183C}
		{A1468152-7DF0-4597-9CC8-24CD98374DBA} = {135FF636-EFA2-421C-8B9A-C228DDC097BD}
		{E6A05DAE-CB62-4B92-9DA0-E0EC74FA7EF5} = {3876749A-601E-4515-B234-50F203CF4A4C}
		{329A2FE8-FACA-4D4E-A86C-5FDB64EE7559} = {857B2D5E-F108-4176-A066-1A9954C4FACE}
	EndGlobalSection
	GlobalSection(ExtensibilityGlobals) = postSolution
		SolutionGuid = {0F12C945-5F82-4A3B-A61A-7877C69684ED}
	EndGlobalSection
EndGlobal
